
Microsoft Visual Studio Solution File, Format Version 12.00
# Visual Studio 15
VisualStudioVersion = 15.0.27703.2000
MinimumVisualStudioVersion = 10.0.40219.1
Project("{9A19103F-16F7-4668-BE54-9A1E7A4F7556}") = "GroupAndProjection", "MultiplesSources\GroupAndProjection.csproj", "{9337F2C6-6DB8-421F-8121-6C6509E9FF79}"
EndProject
Global
	GlobalSection(SolutionConfigurationPlatforms) = preSolution
		Debug|Any CPU = Debug|Any CPU
		Release|Any CPU = Release|Any CPU
	EndGlobalSection
	GlobalSection(ProjectConfigurationPlatforms) = postSolution
		{9337F2C6-6DB8-421F-8121-6C6509E9FF79}.Debug|Any CPU.ActiveCfg = Debug|Any CPU
		{9337F2C6-6DB8-421F-8121-6C6509E9FF79}.Debug|Any CPU.Build.0 = Debug|Any CPU
		{9337F2C6-6DB8-421F-8121-6C6509E9FF79}.Release|Any CPU.ActiveCfg = Release|Any CPU
		{9337F2C6-6DB8-421F-8121-6C6509E9FF79}.Release|Any CPU.Build.0 = Release|Any CPU
	EndGlobalSection
	GlobalSection(SolutionProperties) = preSolution
		HideSolutionNode = FALSE
	EndGlobalSection
	GlobalSection(ExtensibilityGlobals) = postSolution
		SolutionGuid = {51072446-0206-4DE6-B7BE-2B5B2950A16C}
	EndGlobalSection
EndGlobal
